
Microsoft Visual Studio Solution File, Format Version 12.00
# Visual Studio Version 17
VisualStudioVersion = 17.11.35312.102
MinimumVisualStudioVersion = 10.0.40219.1
Project("{FAE04EC0-301F-11D3-BF4B-00C04F79EFBC}") = "Game", "Game\Game.csproj", "{8343B906-58AE-4A62-8C99-554FBCF3B8C0}"
EndProject
Global
	GlobalSection(SolutionConfigurationPlatforms) = preSolution
		Debug|Any CPU = Debug|Any CPU
		Release|Any CPU = Release|Any CPU
	EndGlobalSection
	GlobalSection(ProjectConfigurationPlatforms) = postSolution
		{8343B906-58AE-4A62-8C99-554FBCF3B8C0}.Debug|Any CPU.ActiveCfg = Debug|Any CPU
		{8343B906-58AE-4A62-8C99-554FBCF3B8C0}.Debug|Any CPU.Build.0 = Debug|Any CPU
		{8343B906-58AE-4A62-8C99-554FBCF3B8C0}.Release|Any CPU.ActiveCfg = Release|Any CPU
		{8343B906-58AE-4A62-8C99-554FBCF3B8C0}.Release|Any CPU.Build.0 = Release|Any CPU
	EndGlobalSection
	GlobalSection(SolutionProperties) = preSolution
		HideSolutionNode = FALSE
	EndGlobalSection
	GlobalSection(ExtensibilityGlobals) = postSolution
		SolutionGuid = {463B0550-218F-4512-A1AA-0BEA4436A468}
	EndGlobalSection
EndGlobal
